
Microsoft Visual Studio Solution File, Format Version 12.00
# Visual Studio Version 17
VisualStudioVersion = 17.0.31903.59
MinimumVisualStudioVersion = 10.0.40219.1
Project("{2150E333-8FDC-42A3-9474-1A3956D46DE8}") = "src", "src", "{E25122E7-BE8E-4C1D-993F-8577D5C7E67F}"
EndProject
Project("{FAE04EC0-301F-11D3-BF4B-00C04F79EFBC}") = "LTools.Core", "src\LTools.Core\LTools.Core.csproj", "{7AD8E3BE-93BB-4587-979A-B0CF86E032CA}"
EndProject
Project("{FAE04EC0-301F-11D3-BF4B-00C04F79EFBC}") = "LTools.UI", "src\LTools.UI\LTools.UI.csproj", "{A749ECF6-703C-4195-A894-2021E4223F28}"
EndProject
Project("{2150E333-8FDC-42A3-9474-1A3956D46DE8}") = "plugins", "plugins", "{85A45851-B30D-463A-BFB6-457BEA35573D}"
EndProject
Project("{FAE04EC0-301F-11D3-BF4B-00C04F79EFBC}") = "LTools.Dashboard", "plugins\Dashboard\LTools.Dashboard.csproj", "{BADDA511-A73A-4A41-A60D-7030C0CA5F10}"
EndProject
Project("{FAE04EC0-301F-11D3-BF4B-00C04F79EFBC}") = "LTools.ProjectManager", "plugins\ProjectManager\LTools.ProjectManager.csproj", "{4C2E8B17-9D64-4415-8178-71F7CD4E80F5}"
EndProject
Project("{FAE04EC0-301F-11D3-BF4B-00C04F79EFBC}") = "LTools.ArtisanGui", "plugins\ArtisanGui\LTools.ArtisanGui.csproj", "{EA938D4C-D08B-4C56-AF0A-AF5330261BF5}"
EndProject
Project("{FAE04EC0-301F-11D3-BF4B-00C04F79EFBC}") = "LTools.EnvManager", "plugins\EnvManager\LTools.EnvManager.csproj", "{6597C1E7-41FA-4827-A6BB-5661694DE871}"
EndProject
Project("{FAE04EC0-301F-11D3-BF4B-00C04F79EFBC}") = "LTools.ComposerManager", "plugins\ComposerManager\LTools.ComposerManager.csproj", "{2386B1F8-34B5-41EE-BBDF-9471F8FF88B6}"
EndProject
Project("{FAE04EC0-301F-11D3-BF4B-00C04F79EFBC}") = "LTools.CacheExplorer", "plugins\CacheExplorer\LTools.CacheExplorer.csproj", "{383592F5-D001-4685-9A4E-3573B03225B0}"
EndProject
Project("{FAE04EC0-301F-11D3-BF4B-00C04F79EFBC}") = "LTools.RouteExplorer", "plugins\RouteExplorer\LTools.RouteExplorer.csproj", "{EEBA3C9B-498F-4917-9E7F-44038FC305D8}"
EndProject
Project("{FAE04EC0-301F-11D3-BF4B-00C04F79EFBC}") = "LTools.MigrationStudio", "plugins\MigrationStudio\LTools.MigrationStudio.csproj", "{CBB8B3A4-72A7-46B8-8831-0C7959EA68DA}"
EndProject
Project("{FAE04EC0-301F-11D3-BF4B-00C04F79EFBC}") = "LTools.LogViewer", "plugins\LogViewer\LTools.LogViewer.csproj", "{67EDF781-7540-4468-A0B1-460CC70FE7C6}"
EndProject
Project("{FAE04EC0-301F-11D3-BF4B-00C04F79EFBC}") = "LTools.ProjectDoctor", "plugins\ProjectDoctor\LTools.ProjectDoctor.csproj", "{F0B139C6-1F4F-46D0-BFB0-9BF6139BED11}"
EndProject
Project("{FAE04EC0-301F-11D3-BF4B-00C04F79EFBC}") = "LTools.SqlDebugger", "plugins\SqlDebugger\LTools.SqlDebugger.csproj", "{55A7F78F-28A9-44AC-9BA3-898BFD88AE47}"
EndProject
Project("{FAE04EC0-301F-11D3-BF4B-00C04F79EFBC}") = "LTools.DatabaseDiagram", "plugins\DatabaseDiagram\LTools.DatabaseDiagram.csproj", "{D0CD9D5A-DECF-419F-8D26-15A1E1FCF90E}"
EndProject
Project("{2150E333-8FDC-42A3-9474-1A3956D46DE8}") = "tests", "tests", "{EAB8DDF6-A87C-43B1-AFEE-FA3C00176ED1}"
EndProject
Project("{FAE04EC0-301F-11D3-BF4B-00C04F79EFBC}") = "LTools.Tests", "tests\LTools.Tests\LTools.Tests.csproj", "{9919DCF5-AB5D-4CCC-97E0-42DD4DB055BC}"
EndProject
Global
	GlobalSection(SolutionConfigurationPlatforms) = preSolution
		Debug|Any CPU = Debug|Any CPU
		Release|Any CPU = Release|Any CPU
	EndGlobalSection
	GlobalSection(SolutionProperties) = preSolution
		HideSolutionNode = FALSE
	EndGlobalSection
	GlobalSection(ProjectConfigurationPlatforms) = postSolution
		{7AD8E3BE-93BB-4587-979A-B0CF86E032CA}.Debug|Any CPU.ActiveCfg = Debug|Any CPU
		{7AD8E3BE-93BB-4587-979A-B0CF86E032CA}.Debug|Any CPU.Build.0 = Debug|Any CPU
		{7AD8E3BE-93BB-4587-979A-B0CF86E032CA}.Release|Any CPU.ActiveCfg = Release|Any CPU
		{7AD8E3BE-93BB-4587-979A-B0CF86E032CA}.Release|Any CPU.Build.0 = Release|Any CPU
		{A749ECF6-703C-4195-A894-2021E4223F28}.Debug|Any CPU.ActiveCfg = Debug|Any CPU
		{A749ECF6-703C-4195-A894-2021E4223F28}.Debug|Any CPU.Build.0 = Debug|Any CPU
		{A749ECF6-703C-4195-A894-2021E4223F28}.Release|Any CPU.ActiveCfg = Release|Any CPU
		{A749ECF6-703C-4195-A894-2021E4223F28}.Release|Any CPU.Build.0 = Release|Any CPU
		{BADDA511-A73A-4A41-A60D-7030C0CA5F10}.Debug|Any CPU.ActiveCfg = Debug|Any CPU
		{BADDA511-A73A-4A41-A60D-7030C0CA5F10}.Debug|Any CPU.Build.0 = Debug|Any CPU
		{BADDA511-A73A-4A41-A60D-7030C0CA5F10}.Release|Any CPU.ActiveCfg = Release|Any CPU
		{BADDA511-A73A-4A41-A60D-7030C0CA5F10}.Release|Any CPU.Build.0 = Release|Any CPU
		{4C2E8B17-9D64-4415-8178-71F7CD4E80F5}.Debug|Any CPU.ActiveCfg = Debug|Any CPU
		{4C2E8B17-9D64-4415-8178-71F7CD4E80F5}.Debug|Any CPU.Build.0 = Debug|Any CPU
		{4C2E8B17-9D64-4415-8178-71F7CD4E80F5}.Release|Any CPU.ActiveCfg = Release|Any CPU
		{4C2E8B17-9D64-4415-8178-71F7CD4E80F5}.Release|Any CPU.Build.0 = Release|Any CPU
		{EA938D4C-D08B-4C56-AF0A-AF5330261BF5}.Debug|Any CPU.ActiveCfg = Debug|Any CPU
		{EA938D4C-D08B-4C56-AF0A-AF5330261BF5}.Debug|Any CPU.Build.0 = Debug|Any CPU
		{EA938D4C-D08B-4C56-AF0A-AF5330261BF5}.Release|Any CPU.ActiveCfg = Release|Any CPU
		{EA938D4C-D08B-4C56-AF0A-AF5330261BF5}.Release|Any CPU.Build.0 = Release|Any CPU
		{6597C1E7-41FA-4827-A6BB-5661694DE871}.Debug|Any CPU.ActiveCfg = Debug|Any CPU
		{6597C1E7-41FA-4827-A6BB-5661694DE871}.Debug|Any CPU.Build.0 = Debug|Any CPU
		{6597C1E7-41FA-4827-A6BB-5661694DE871}.Release|Any CPU.ActiveCfg = Release|Any CPU
		{6597C1E7-41FA-4827-A6BB-5661694DE871}.Release|Any CPU.Build.0 = Release|Any CPU
		{2386B1F8-34B5-41EE-BBDF-9471F8FF88B6}.Debug|Any CPU.ActiveCfg = Debug|Any CPU
		{2386B1F8-34B5-41EE-BBDF-9471F8FF88B6}.Debug|Any CPU.Build.0 = Debug|Any CPU
		{2386B1F8-34B5-41EE-BBDF-9471F8FF88B6}.Release|Any CPU.ActiveCfg = Release|Any CPU
		{2386B1F8-34B5-41EE-BBDF-9471F8FF88B6}.Release|Any CPU.Build.0 = Release|Any CPU
		{383592F5-D001-4685-9A4E-3573B03225B0}.Debug|Any CPU.ActiveCfg = Debug|Any CPU
		{383592F5-D001-4685-9A4E-3573B03225B0}.Debug|Any CPU.Build.0 = Debug|Any CPU
		{383592F5-D001-4685-9A4E-3573B03225B0}.Release|Any CPU.ActiveCfg = Release|Any CPU
		{383592F5-D001-4685-9A4E-3573B03225B0}.Release|Any CPU.Build.0 = Release|Any CPU
		{EEBA3C9B-498F-4917-9E7F-44038FC305D8}.Debug|Any CPU.ActiveCfg = Debug|Any CPU
		{EEBA3C9B-498F-4917-9E7F-44038FC305D8}.Debug|Any CPU.Build.0 = Debug|Any CPU
		{EEBA3C9B-498F-4917-9E7F-44038FC305D8}.Release|Any CPU.ActiveCfg = Release|Any CPU
		{EEBA3C9B-498F-4917-9E7F-44038FC305D8}.Release|Any CPU.Build.0 = Release|Any CPU
		{CBB8B3A4-72A7-46B8-8831-0C7959EA68DA}.Debug|Any CPU.ActiveCfg = Debug|Any CPU
		{CBB8B3A4-72A7-46B8-8831-0C7959EA68DA}.Debug|Any CPU.Build.0 = Debug|Any CPU
		{CBB8B3A4-72A7-46B8-8831-0C7959EA68DA}.Release|Any CPU.ActiveCfg = Release|Any CPU
		{CBB8B3A4-72A7-46B8-8831-0C7959EA68DA}.Release|Any CPU.Build.0 = Release|Any CPU
		{67EDF781-7540-4468-A0B1-460CC70FE7C6}.Debug|Any CPU.ActiveCfg = Debug|Any CPU
		{67EDF781-7540-4468-A0B1-460CC70FE7C6}.Debug|Any CPU.Build.0 = Debug|Any CPU
		{67EDF781-7540-4468-A0B1-460CC70FE7C6}.Release|Any CPU.ActiveCfg = Release|Any CPU
		{67EDF781-7540-4468-A0B1-460CC70FE7C6}.Release|Any CPU.Build.0 = Release|Any CPU
		{F0B139C6-1F4F-46D0-BFB0-9BF6139BED11}.Debug|Any CPU.ActiveCfg = Debug|Any CPU
		{F0B139C6-1F4F-46D0-BFB0-9BF6139BED11}.Debug|Any CPU.Build.0 = Debug|Any CPU
		{F0B139C6-1F4F-46D0-BFB0-9BF6139BED11}.Release|Any CPU.ActiveCfg = Release|Any CPU
		{F0B139C6-1F4F-46D0-BFB0-9BF6139BED11}.Release|Any CPU.Build.0 = Release|Any CPU
		{55A7F78F-28A9-44AC-9BA3-898BFD88AE47}.Debug|Any CPU.ActiveCfg = Debug|Any CPU
		{55A7F78F-28A9-44AC-9BA3-898BFD88AE47}.Debug|Any CPU.Build.0 = Debug|Any CPU
		{55A7F78F-28A9-44AC-9BA3-898BFD88AE47}.Release|Any CPU.ActiveCfg = Release|Any CPU
		{55A7F78F-28A9-44AC-9BA3-898BFD88AE47}.Release|Any CPU.Build.0 = Release|Any CPU
		{D0CD9D5A-DECF-419F-8D26-15A1E1FCF90E}.Debug|Any CPU.ActiveCfg = Debug|Any CPU
		{D0CD9D5A-DECF-419F-8D26-15A1E1FCF90E}.Debug|Any CPU.Build.0 = Debug|Any CPU
		{D0CD9D5A-DECF-419F-8D26-15A1E1FCF90E}.Release|Any CPU.ActiveCfg = Release|Any CPU
		{D0CD9D5A-DECF-419F-8D26-15A1E1FCF90E}.Release|Any CPU.Build.0 = Release|Any CPU
		{9919DCF5-AB5D-4CCC-97E0-42DD4DB055BC}.Debug|Any CPU.ActiveCfg = Debug|Any CPU
		{9919DCF5-AB5D-4CCC-97E0-42DD4DB055BC}.Debug|Any CPU.Build.0 = Debug|Any CPU
		{9919DCF5-AB5D-4CCC-97E0-42DD4DB055BC}.Release|Any CPU.ActiveCfg = Release|Any CPU
		{9919DCF5-AB5D-4CCC-97E0-42DD4DB055BC}.Release|Any CPU.Build.0 = Release|Any CPU
	EndGlobalSection
	GlobalSection(NestedProjects) = preSolution
		{7AD8E3BE-93BB-4587-979A-B0CF86E032CA} = {E25122E7-BE8E-4C1D-993F-8577D5C7E67F}
		{A749ECF6-703C-4195-A894-2021E4223F28} = {E25122E7-BE8E-4C1D-993F-8577D5C7E67F}
		{BADDA511-A73A-4A41-A60D-7030C0CA5F10} = {85A45851-B30D-463A-BFB6-457BEA35573D}
		{4C2E8B17-9D64-4415-8178-71F7CD4E80F5} = {85A45851-B30D-463A-BFB6-457BEA35573D}
		{EA938D4C-D08B-4C56-AF0A-AF5330261BF5} = {85A45851-B30D-463A-BFB6-457BEA35573D}
		{6597C1E7-41FA-4827-A6BB-5661694DE871} = {85A45851-B30D-463A-BFB6-457BEA35573D}
		{2386B1F8-34B5-41EE-BBDF-9471F8FF88B6} = {85A45851-B30D-463A-BFB6-457BEA35573D}
		{383592F5-D001-4685-9A4E-3573B03225B0} = {85A45851-B30D-463A-BFB6-457BEA35573D}
		{EEBA3C9B-498F-4917-9E7F-44038FC305D8} = {85A45851-B30D-463A-BFB6-457BEA35573D}
		{CBB8B3A4-72A7-46B8-8831-0C7959EA68DA} = {85A45851-B30D-463A-BFB6-457BEA35573D}
		{67EDF781-7540-4468-A0B1-460CC70FE7C6} = {85A45851-B30D-463A-BFB6-457BEA35573D}
		{F0B139C6-1F4F-46D0-BFB0-9BF6139BED11} = {85A45851-B30D-463A-BFB6-457BEA35573D}
		{55A7F78F-28A9-44AC-9BA3-898BFD88AE47} = {85A45851-B30D-463A-BFB6-457BEA35573D}
		{D0CD9D5A-DECF-419F-8D26-15A1E1FCF90E} = {85A45851-B30D-463A-BFB6-457BEA35573D}
		{9919DCF5-AB5D-4CCC-97E0-42DD4DB055BC} = {EAB8DDF6-A87C-43B1-AFEE-FA3C00176ED1}
	EndGlobalSection
EndGlobal
