
Microsoft Visual Studio Solution File, Format Version 12.00
# Visual Studio Version 17
VisualStudioVersion = 17.0.31903.59
MinimumVisualStudioVersion = 10.0.40219.1
Project("{2150E333-8FDC-42A3-9474-1A3956D46DE8}") = "src", "src", "{E25122E7-BE8E-4C1D-993F-8577D5C7E67F}"
EndProject
Project("{FAE04EC0-301F-11D3-BF4B-00C04F79EFBC}") = "LTools.Core", "src\LTools.Core\LTools.Core.csproj", "{7AD8E3BE-93BB-4587-979A-B0CF86E032CA}"
EndProject
Project("{FAE04EC0-301F-11D3-BF4B-00C04F79EFBC}") = "LTools.UI", "src\LTools.UI\LTools.UI.csproj", "{A749ECF6-703C-4195-A894-2021E4223F28}"
EndProject
Global
	GlobalSection(SolutionConfigurationPlatforms) = preSolution
		Debug|Any CPU = Debug|Any CPU
		Release|Any CPU = Release|Any CPU
	EndGlobalSection
	GlobalSection(SolutionProperties) = preSolution
		HideSolutionNode = FALSE
	EndGlobalSection
	GlobalSection(ProjectConfigurationPlatforms) = postSolution
		{7AD8E3BE-93BB-4587-979A-B0CF86E032CA}.Debug|Any CPU.ActiveCfg = Debug|Any CPU
		{7AD8E3BE-93BB-4587-979A-B0CF86E032CA}.Debug|Any CPU.Build.0 = Debug|Any CPU
		{7AD8E3BE-93BB-4587-979A-B0CF86E032CA}.Release|Any CPU.ActiveCfg = Release|Any CPU
		{7AD8E3BE-93BB-4587-979A-B0CF86E032CA}.Release|Any CPU.Build.0 = Release|Any CPU
		{A749ECF6-703C-4195-A894-2021E4223F28}.Debug|Any CPU.ActiveCfg = Debug|Any CPU
		{A749ECF6-703C-4195-A894-2021E4223F28}.Debug|Any CPU.Build.0 = Debug|Any CPU
		{A749ECF6-703C-4195-A894-2021E4223F28}.Release|Any CPU.ActiveCfg = Release|Any CPU
		{A749ECF6-703C-4195-A894-2021E4223F28}.Release|Any CPU.Build.0 = Release|Any CPU
	EndGlobalSection
	GlobalSection(NestedProjects) = preSolution
		{7AD8E3BE-93BB-4587-979A-B0CF86E032CA} = {E25122E7-BE8E-4C1D-993F-8577D5C7E67F}
		{A749ECF6-703C-4195-A894-2021E4223F28} = {E25122E7-BE8E-4C1D-993F-8577D5C7E67F}
	EndGlobalSection
EndGlobal
